
Microsoft Visual Studio Solution File, Format Version 12.00
Project("{2150E333-8FDC-42A3-9474-1A3956D46DE8}") = "src", "src", "{EFAF3F87-2AC1-487F-95EE-30F34DB967E3}"
EndProject
Project("{2150E333-8FDC-42A3-9474-1A3956D46DE8}") = "test", "test", "{383B4395-971E-4230-8374-7FD69679DEF9}"
EndProject
Project("{FAE04EC0-301F-11D3-BF4B-00C04F79EFBC}") = "AElf.Contract.SourceGenerator", "src\AElf.Contract.SourceGenerator\AElf.Contract.SourceGenerator.csproj", "{5608D4BF-8D79-4D45-A2C3-E6F5BB5B2000}"
EndProject
Project("{FAE04EC0-301F-11D3-BF4B-00C04F79EFBC}") = "AElf.Contract.SourceGenerator.Test", "test\AElf.Contract.SourceGenerator.Test\AElf.Contract.SourceGenerator.Test.csproj", "{A8067B44-73E6-4B78-B5B3-C6D13815ACEE}"
EndProject
Project("{2150E333-8FDC-42A3-9474-1A3956D46DE8}") = "tools", "tools", "{7FA31537-DB09-4DE8-BCDB-1BDE6F2470C0}"
EndProject
Project("{2150E333-8FDC-42A3-9474-1A3956D46DE8}") = "build", "build", "{BE86B0E8-BFCA-444B-A22A-25B6935CB943}"
EndProject
Project("{2150E333-8FDC-42A3-9474-1A3956D46DE8}") = "native", "native", "{4C85D044-2E17-4689-AA62-22E9F9DEE6EE}"
EndProject
Project("{2150E333-8FDC-42A3-9474-1A3956D46DE8}") = "include", "include", "{F8B4D81B-210A-43AC-9DFA-04168DF43D4A}"
EndProject
Project("{2150E333-8FDC-42A3-9474-1A3956D46DE8}") = "aelf", "aelf", "{8D42D4BD-4E0C-4868-A641-EABB828D1213}"
	ProjectSection(SolutionItems) = preProject
		build\native\include\aelf\core.proto = build\native\include\aelf\core.proto
		build\native\include\aelf\options.proto = build\native\include\aelf\options.proto
	EndProjectSection
EndProject
Project("{2150E333-8FDC-42A3-9474-1A3956D46DE8}") = "google", "google", "{C750E49A-AAF3-4E8C-B326-952E89B01338}"
EndProject
Project("{2150E333-8FDC-42A3-9474-1A3956D46DE8}") = "protobuf", "protobuf", "{14B01785-AFB4-4C1D-94B5-826965984DB6}"
	ProjectSection(SolutionItems) = preProject
		build\native\include\google\protobuf\any.proto = build\native\include\google\protobuf\any.proto
		build\native\include\google\protobuf\api.proto = build\native\include\google\protobuf\api.proto
		build\native\include\google\protobuf\type.proto = build\native\include\google\protobuf\type.proto
		build\native\include\google\protobuf\empty.proto = build\native\include\google\protobuf\empty.proto
		build\native\include\google\protobuf\struct.proto = build\native\include\google\protobuf\struct.proto
		build\native\include\google\protobuf\duration.proto = build\native\include\google\protobuf\duration.proto
		build\native\include\google\protobuf\wrappers.proto = build\native\include\google\protobuf\wrappers.proto
		build\native\include\google\protobuf\timestamp.proto = build\native\include\google\protobuf\timestamp.proto
		build\native\include\google\protobuf\descriptor.proto = build\native\include\google\protobuf\descriptor.proto
		build\native\include\google\protobuf\field_mask.proto = build\native\include\google\protobuf\field_mask.proto
		build\native\include\google\protobuf\source_context.proto = build\native\include\google\protobuf\source_context.proto
	EndProjectSection
EndProject
Project("{2150E333-8FDC-42A3-9474-1A3956D46DE8}") = "linux_x64", "linux_x64", "{89F9D37D-BD89-43C4-8C47-97BDBFDB5290}"
	ProjectSection(SolutionItems) = preProject
		tools\linux_x64\protoc = tools\linux_x64\protoc
	EndProjectSection
EndProject
Project("{2150E333-8FDC-42A3-9474-1A3956D46DE8}") = "macosx_x64", "macosx_x64", "{331D6B6E-3C0F-463E-B5A6-B53CE9AAD0BC}"
	ProjectSection(SolutionItems) = preProject
		tools\macosx_x64\protoc = tools\macosx_x64\protoc
	EndProjectSection
EndProject
Project("{2150E333-8FDC-42A3-9474-1A3956D46DE8}") = "windows_x64", "windows_x64", "{98E67327-8C0C-4AF7-859F-81ED987A9451}"
	ProjectSection(SolutionItems) = preProject
tools\windows_x64\protoc.exe = tools\windows_x64\protoc.exe
	EndProjectSection
EndProject
Project("{FAE04EC0-301F-11D3-BF4B-00C04F79EFBC}") = "AElf.Contracts.Test", "samples\AElf.Contracts.Test\AElf.Contracts.Test.csproj", "{A4370289-10B0-40BF-83CC-96B721D3FC91}"
EndProject
Project("{2150E333-8FDC-42A3-9474-1A3956D46DE8}") = "samples", "samples", "{6272FAB3-D912-4FED-945F-661505EC35F4}"
EndProject
Global
	GlobalSection(SolutionConfigurationPlatforms) = preSolution
		Debug|Any CPU = Debug|Any CPU
		Release|Any CPU = Release|Any CPU
	EndGlobalSection
	GlobalSection(NestedProjects) = preSolution
		{5608D4BF-8D79-4D45-A2C3-E6F5BB5B2000} = {EFAF3F87-2AC1-487F-95EE-30F34DB967E3}
		{A8067B44-73E6-4B78-B5B3-C6D13815ACEE} = {383B4395-971E-4230-8374-7FD69679DEF9}
		{4C85D044-2E17-4689-AA62-22E9F9DEE6EE} = {BE86B0E8-BFCA-444B-A22A-25B6935CB943}
		{F8B4D81B-210A-43AC-9DFA-04168DF43D4A} = {4C85D044-2E17-4689-AA62-22E9F9DEE6EE}
		{8D42D4BD-4E0C-4868-A641-EABB828D1213} = {F8B4D81B-210A-43AC-9DFA-04168DF43D4A}
		{C750E49A-AAF3-4E8C-B326-952E89B01338} = {F8B4D81B-210A-43AC-9DFA-04168DF43D4A}
		{14B01785-AFB4-4C1D-94B5-826965984DB6} = {C750E49A-AAF3-4E8C-B326-952E89B01338}
		{89F9D37D-BD89-43C4-8C47-97BDBFDB5290} = {7FA31537-DB09-4DE8-BCDB-1BDE6F2470C0}
		{331D6B6E-3C0F-463E-B5A6-B53CE9AAD0BC} = {7FA31537-DB09-4DE8-BCDB-1BDE6F2470C0}
		{98E67327-8C0C-4AF7-859F-81ED987A9451} = {7FA31537-DB09-4DE8-BCDB-1BDE6F2470C0}
		{A4370289-10B0-40BF-83CC-96B721D3FC91} = {6272FAB3-D912-4FED-945F-661505EC35F4}
	EndGlobalSection
	GlobalSection(ProjectConfigurationPlatforms) = postSolution
		{5608D4BF-8D79-4D45-A2C3-E6F5BB5B2000}.Debug|Any CPU.ActiveCfg = Debug|Any CPU
		{5608D4BF-8D79-4D45-A2C3-E6F5BB5B2000}.Debug|Any CPU.Build.0 = Debug|Any CPU
		{5608D4BF-8D79-4D45-A2C3-E6F5BB5B2000}.Release|Any CPU.ActiveCfg = Release|Any CPU
		{5608D4BF-8D79-4D45-A2C3-E6F5BB5B2000}.Release|Any CPU.Build.0 = Release|Any CPU
		{A8067B44-73E6-4B78-B5B3-C6D13815ACEE}.Debug|Any CPU.ActiveCfg = Debug|Any CPU
		{A8067B44-73E6-4B78-B5B3-C6D13815ACEE}.Debug|Any CPU.Build.0 = Debug|Any CPU
		{A8067B44-73E6-4B78-B5B3-C6D13815ACEE}.Release|Any CPU.ActiveCfg = Release|Any CPU
		{A8067B44-73E6-4B78-B5B3-C6D13815ACEE}.Release|Any CPU.Build.0 = Release|Any CPU
		{A4370289-10B0-40BF-83CC-96B721D3FC91}.Debug|Any CPU.ActiveCfg = Debug|Any CPU
		{A4370289-10B0-40BF-83CC-96B721D3FC91}.Debug|Any CPU.Build.0 = Debug|Any CPU
		{A4370289-10B0-40BF-83CC-96B721D3FC91}.Release|Any CPU.ActiveCfg = Release|Any CPU
		{A4370289-10B0-40BF-83CC-96B721D3FC91}.Release|Any CPU.Build.0 = Release|Any CPU
	EndGlobalSection
EndGlobal
